
Microsoft Visual Studio Solution File, Format Version 12.00
# Visual Studio 15
VisualStudioVersion = 15.0.27703.2026
MinimumVisualStudioVersion = 10.0.40219.1
Project("{FAE04EC0-301F-11D3-BF4B-00C04F79EFBC}") = "BlazorContacts.Server", "BlazorContacts.Server\BlazorContacts.Server.csproj", "{693811D0-3546-4059-96DF-635C8CD19554}"
EndProject
Project("{FAE04EC0-301F-11D3-BF4B-00C04F79EFBC}") = "BlazorContacts.Client", "BlazorContacts.Client\BlazorContacts.Client.csproj", "{204EEB9E-31DD-4FAE-85EF-05D2E78C8BD3}"
EndProject
Project("{FAE04EC0-301F-11D3-BF4B-00C04F79EFBC}") = "BlazorContacts.Shared", "BlazorContacts.Shared\BlazorContacts.Shared.csproj", "{1B6D05A4-9069-406C-BBAF-F3E1A9BA0901}"
EndProject
Global
	GlobalSection(SolutionConfigurationPlatforms) = preSolution
		Debug|Any CPU = Debug|Any CPU
		Release|Any CPU = Release|Any CPU
	EndGlobalSection
	GlobalSection(ProjectConfigurationPlatforms) = postSolution
		{693811D0-3546-4059-96DF-635C8CD19554}.Debug|Any CPU.ActiveCfg = Debug|Any CPU
		{693811D0-3546-4059-96DF-635C8CD19554}.Debug|Any CPU.Build.0 = Debug|Any CPU
		{693811D0-3546-4059-96DF-635C8CD19554}.Release|Any CPU.ActiveCfg = Release|Any CPU
		{693811D0-3546-4059-96DF-635C8CD19554}.Release|Any CPU.Build.0 = Release|Any CPU
		{204EEB9E-31DD-4FAE-85EF-05D2E78C8BD3}.Debug|Any CPU.ActiveCfg = Debug|Any CPU
		{204EEB9E-31DD-4FAE-85EF-05D2E78C8BD3}.Debug|Any CPU.Build.0 = Debug|Any CPU
		{204EEB9E-31DD-4FAE-85EF-05D2E78C8BD3}.Release|Any CPU.ActiveCfg = Release|Any CPU
		{204EEB9E-31DD-4FAE-85EF-05D2E78C8BD3}.Release|Any CPU.Build.0 = Release|Any CPU
		{1B6D05A4-9069-406C-BBAF-F3E1A9BA0901}.Debug|Any CPU.ActiveCfg = Debug|Any CPU
		{1B6D05A4-9069-406C-BBAF-F3E1A9BA0901}.Debug|Any CPU.Build.0 = Debug|Any CPU
		{1B6D05A4-9069-406C-BBAF-F3E1A9BA0901}.Release|Any CPU.ActiveCfg = Release|Any CPU
		{1B6D05A4-9069-406C-BBAF-F3E1A9BA0901}.Release|Any CPU.Build.0 = Release|Any CPU
	EndGlobalSection
	GlobalSection(SolutionProperties) = preSolution
		HideSolutionNode = FALSE
	EndGlobalSection
	GlobalSection(ExtensibilityGlobals) = postSolution
		SolutionGuid = {57AC8849-457A-451F-9F02-862AE450166B}
	EndGlobalSection
EndGlobal
